
Microsoft Visual Studio Solution File, Format Version 12.00
# Visual Studio Version 17
VisualStudioVersion = 17.8.34511.84
MinimumVisualStudioVersion = 10.0.40219.1
Project("{FAE04EC0-301F-11D3-BF4B-00C04F79EFBC}") = "TheFashionCanvas", "TheFashionCanvas\TheFashionCanvas.csproj", "{BC448D4B-311E-4222-8140-D59B2EC1C096}"
EndProject
Global
	GlobalSection(SolutionConfigurationPlatforms) = preSolution
		Debug|Any CPU = Debug|Any CPU
		Release|Any CPU = Release|Any CPU
	EndGlobalSection
	GlobalSection(ProjectConfigurationPlatforms) = postSolution
		{BC448D4B-311E-4222-8140-D59B2EC1C096}.Debug|Any CPU.ActiveCfg = Debug|Any CPU
		{BC448D4B-311E-4222-8140-D59B2EC1C096}.Debug|Any CPU.Build.0 = Debug|Any CPU
		{BC448D4B-311E-4222-8140-D59B2EC1C096}.Release|Any CPU.ActiveCfg = Release|Any CPU
		{BC448D4B-311E-4222-8140-D59B2EC1C096}.Release|Any CPU.Build.0 = Release|Any CPU
	EndGlobalSection
	GlobalSection(SolutionProperties) = preSolution
		HideSolutionNode = FALSE
	EndGlobalSection
	GlobalSection(ExtensibilityGlobals) = postSolution
		SolutionGuid = {A87103F4-9968-480E-AF5A-DA9786114F7B}
	EndGlobalSection
EndGlobal
